
Microsoft Visual Studio Solution File, Format Version 12.00
# Visual Studio 2012
Project("{2150E333-8FDC-42A3-9474-1A3956D46DE8}") = "Dealing", "Dealing", "{F601E76A-F64A-4115-AB25-B4C755FC2687}"
EndProject
Project("{2150E333-8FDC-42A3-9474-1A3956D46DE8}") = "Risk", "Risk", "{3C661402-D2B5-4EC7-B49C-29F36277D820}"
EndProject
Project("{2150E333-8FDC-42A3-9474-1A3956D46DE8}") = "Contracts", "Contracts", "{B402411C-D67C-4365-90B8-242E5B9C6C96}"
EndProject
Project("{FAE04EC0-301F-11D3-BF4B-00C04F79EFBC}") = "Dealing.Core", "src\Dealing\Core\Dealing.Core.csproj", "{2FD41EA8-CC7C-484C-B7CF-874B4BAA9AD6}"
EndProject
Project("{FAE04EC0-301F-11D3-BF4B-00C04F79EFBC}") = "Risk.Core", "src\Risk\Core\Risk.Core.csproj", "{00A1B12B-3AC7-49BD-929F-E1550F29FDD4}"
EndProject
Project("{2150E333-8FDC-42A3-9474-1A3956D46DE8}") = "UI", "UI", "{216D8FB2-D7D8-4975-81D0-56970DDD7AAB}"
EndProject
Project("{FAE04EC0-301F-11D3-BF4B-00C04F79EFBC}") = "Dealing.Infrastructure", "src\Dealing\Infrastructure\Dealing.Infrastructure.csproj", "{928DC1D3-89E3-4786-97D8-0C43404BB74E}"
EndProject
Project("{FAE04EC0-301F-11D3-BF4B-00C04F79EFBC}") = "Risk.Infrastructure", "src\Risk\Infrastructure\Risk.Infrastructure.csproj", "{49A068EA-4915-4B0F-B0E0-CF700C4EAE0E}"
EndProject
Project("{FAE04EC0-301F-11D3-BF4B-00C04F79EFBC}") = "Dealing.UI", "src\Dealing\Dealing.UI\Dealing.UI.csproj", "{A2859C28-5FCB-4201-BD86-04306D28467C}"
EndProject
Project("{FAE04EC0-301F-11D3-BF4B-00C04F79EFBC}") = "Risk.UI", "src\Risk\Risk.UI\Risk.UI.csproj", "{A92EA6A1-8118-4DB4-A518-6B5FF090A184}"
EndProject
Project("{2150E333-8FDC-42A3-9474-1A3956D46DE8}") = ".nuget", ".nuget", "{B90543AE-2746-45BE-8233-AC1701202412}"
	ProjectSection(SolutionItems) = preProject
		.nuget\NuGet.Config = .nuget\NuGet.Config
		.nuget\NuGet.exe = .nuget\NuGet.exe
		.nuget\NuGet.targets = .nuget\NuGet.targets
	EndProjectSection
EndProject
Project("{2150E333-8FDC-42A3-9474-1A3956D46DE8}") = "Tests", "Tests", "{41911542-BA73-40E6-A26D-77B68CDC9DBF}"
EndProject
Project("{FAE04EC0-301F-11D3-BF4B-00C04F79EFBC}") = "Dealing.Host", "src\Dealing\Host\Dealing.Host.csproj", "{4CB455E2-1DDB-498E-A7BA-8C57637BCA6E}"
EndProject
Project("{FAE04EC0-301F-11D3-BF4B-00C04F79EFBC}") = "Risk.Host", "src\Risk\Host\Risk.Host.csproj", "{E79A20E5-B98B-42A7-B582-6D4A75BD38F6}"
EndProject
Project("{FAE04EC0-301F-11D3-BF4B-00C04F79EFBC}") = "Dealing.Contracts", "src\Contracts\Dealing.Contracts\Dealing.Contracts.csproj", "{20C8B666-929E-41E0-BF7B-4C7717B48CF5}"
EndProject
Project("{FAE04EC0-301F-11D3-BF4B-00C04F79EFBC}") = "Risk.Contracts", "src\Contracts\Risk.Contracts\Risk.Contracts.csproj", "{B66EB8AE-6D00-49F5-B05D-CF78CFF0C717}"
EndProject
Project("{2150E333-8FDC-42A3-9474-1A3956D46DE8}") = "Common", "Common", "{7AAE6B07-DE8E-408F-B0EE-73F6155A898E}"
EndProject
Project("{FAE04EC0-301F-11D3-BF4B-00C04F79EFBC}") = "Common.Infrastructure", "src\Common\Common.Infrastructure\Common.Infrastructure.csproj", "{1EE361C2-67DA-43A7-8244-CDF17A938329}"
EndProject
Project("{FAE04EC0-301F-11D3-BF4B-00C04F79EFBC}") = "Common.Contracts", "src\Common\Common.Contracts\Common.Contracts.csproj", "{C958E860-E515-4F50-A17B-3F02E6AEB4A5}"
EndProject
Global
	GlobalSection(SolutionConfigurationPlatforms) = preSolution
		Debug|Any CPU = Debug|Any CPU
		Release|Any CPU = Release|Any CPU
	EndGlobalSection
	GlobalSection(ProjectConfigurationPlatforms) = postSolution
		{2FD41EA8-CC7C-484C-B7CF-874B4BAA9AD6}.Debug|Any CPU.ActiveCfg = Debug|Any CPU
		{2FD41EA8-CC7C-484C-B7CF-874B4BAA9AD6}.Debug|Any CPU.Build.0 = Debug|Any CPU
		{2FD41EA8-CC7C-484C-B7CF-874B4BAA9AD6}.Release|Any CPU.ActiveCfg = Release|Any CPU
		{2FD41EA8-CC7C-484C-B7CF-874B4BAA9AD6}.Release|Any CPU.Build.0 = Release|Any CPU
		{00A1B12B-3AC7-49BD-929F-E1550F29FDD4}.Debug|Any CPU.ActiveCfg = Debug|Any CPU
		{00A1B12B-3AC7-49BD-929F-E1550F29FDD4}.Debug|Any CPU.Build.0 = Debug|Any CPU
		{00A1B12B-3AC7-49BD-929F-E1550F29FDD4}.Release|Any CPU.ActiveCfg = Release|Any CPU
		{00A1B12B-3AC7-49BD-929F-E1550F29FDD4}.Release|Any CPU.Build.0 = Release|Any CPU
		{928DC1D3-89E3-4786-97D8-0C43404BB74E}.Debug|Any CPU.ActiveCfg = Debug|Any CPU
		{928DC1D3-89E3-4786-97D8-0C43404BB74E}.Debug|Any CPU.Build.0 = Debug|Any CPU
		{928DC1D3-89E3-4786-97D8-0C43404BB74E}.Release|Any CPU.ActiveCfg = Release|Any CPU
		{928DC1D3-89E3-4786-97D8-0C43404BB74E}.Release|Any CPU.Build.0 = Release|Any CPU
		{49A068EA-4915-4B0F-B0E0-CF700C4EAE0E}.Debug|Any CPU.ActiveCfg = Debug|Any CPU
		{49A068EA-4915-4B0F-B0E0-CF700C4EAE0E}.Debug|Any CPU.Build.0 = Debug|Any CPU
		{49A068EA-4915-4B0F-B0E0-CF700C4EAE0E}.Release|Any CPU.ActiveCfg = Release|Any CPU
		{49A068EA-4915-4B0F-B0E0-CF700C4EAE0E}.Release|Any CPU.Build.0 = Release|Any CPU
		{A2859C28-5FCB-4201-BD86-04306D28467C}.Debug|Any CPU.ActiveCfg = Debug|Any CPU
		{A2859C28-5FCB-4201-BD86-04306D28467C}.Debug|Any CPU.Build.0 = Debug|Any CPU
		{A2859C28-5FCB-4201-BD86-04306D28467C}.Release|Any CPU.ActiveCfg = Release|Any CPU
		{A2859C28-5FCB-4201-BD86-04306D28467C}.Release|Any CPU.Build.0 = Release|Any CPU
		{A92EA6A1-8118-4DB4-A518-6B5FF090A184}.Debug|Any CPU.ActiveCfg = Debug|Any CPU
		{A92EA6A1-8118-4DB4-A518-6B5FF090A184}.Debug|Any CPU.Build.0 = Debug|Any CPU
		{A92EA6A1-8118-4DB4-A518-6B5FF090A184}.Release|Any CPU.ActiveCfg = Release|Any CPU
		{A92EA6A1-8118-4DB4-A518-6B5FF090A184}.Release|Any CPU.Build.0 = Release|Any CPU
		{4CB455E2-1DDB-498E-A7BA-8C57637BCA6E}.Debug|Any CPU.ActiveCfg = Debug|Any CPU
		{4CB455E2-1DDB-498E-A7BA-8C57637BCA6E}.Debug|Any CPU.Build.0 = Debug|Any CPU
		{4CB455E2-1DDB-498E-A7BA-8C57637BCA6E}.Release|Any CPU.ActiveCfg = Release|Any CPU
		{4CB455E2-1DDB-498E-A7BA-8C57637BCA6E}.Release|Any CPU.Build.0 = Release|Any CPU
		{E79A20E5-B98B-42A7-B582-6D4A75BD38F6}.Debug|Any CPU.ActiveCfg = Debug|Any CPU
		{E79A20E5-B98B-42A7-B582-6D4A75BD38F6}.Debug|Any CPU.Build.0 = Debug|Any CPU
		{E79A20E5-B98B-42A7-B582-6D4A75BD38F6}.Release|Any CPU.ActiveCfg = Release|Any CPU
		{E79A20E5-B98B-42A7-B582-6D4A75BD38F6}.Release|Any CPU.Build.0 = Release|Any CPU
		{20C8B666-929E-41E0-BF7B-4C7717B48CF5}.Debug|Any CPU.ActiveCfg = Debug|Any CPU
		{20C8B666-929E-41E0-BF7B-4C7717B48CF5}.Debug|Any CPU.Build.0 = Debug|Any CPU
		{20C8B666-929E-41E0-BF7B-4C7717B48CF5}.Release|Any CPU.ActiveCfg = Release|Any CPU
		{20C8B666-929E-41E0-BF7B-4C7717B48CF5}.Release|Any CPU.Build.0 = Release|Any CPU
		{B66EB8AE-6D00-49F5-B05D-CF78CFF0C717}.Debug|Any CPU.ActiveCfg = Debug|Any CPU
		{B66EB8AE-6D00-49F5-B05D-CF78CFF0C717}.Debug|Any CPU.Build.0 = Debug|Any CPU
		{B66EB8AE-6D00-49F5-B05D-CF78CFF0C717}.Release|Any CPU.ActiveCfg = Release|Any CPU
		{B66EB8AE-6D00-49F5-B05D-CF78CFF0C717}.Release|Any CPU.Build.0 = Release|Any CPU
		{1EE361C2-67DA-43A7-8244-CDF17A938329}.Debug|Any CPU.ActiveCfg = Debug|Any CPU
		{1EE361C2-67DA-43A7-8244-CDF17A938329}.Debug|Any CPU.Build.0 = Debug|Any CPU
		{1EE361C2-67DA-43A7-8244-CDF17A938329}.Release|Any CPU.ActiveCfg = Release|Any CPU
		{1EE361C2-67DA-43A7-8244-CDF17A938329}.Release|Any CPU.Build.0 = Release|Any CPU
		{C958E860-E515-4F50-A17B-3F02E6AEB4A5}.Debug|Any CPU.ActiveCfg = Debug|Any CPU
		{C958E860-E515-4F50-A17B-3F02E6AEB4A5}.Debug|Any CPU.Build.0 = Debug|Any CPU
		{C958E860-E515-4F50-A17B-3F02E6AEB4A5}.Release|Any CPU.ActiveCfg = Release|Any CPU
		{C958E860-E515-4F50-A17B-3F02E6AEB4A5}.Release|Any CPU.Build.0 = Release|Any CPU
	EndGlobalSection
	GlobalSection(SolutionProperties) = preSolution
		HideSolutionNode = FALSE
	EndGlobalSection
	GlobalSection(NestedProjects) = preSolution
		{2FD41EA8-CC7C-484C-B7CF-874B4BAA9AD6} = {F601E76A-F64A-4115-AB25-B4C755FC2687}
		{928DC1D3-89E3-4786-97D8-0C43404BB74E} = {F601E76A-F64A-4115-AB25-B4C755FC2687}
		{4CB455E2-1DDB-498E-A7BA-8C57637BCA6E} = {F601E76A-F64A-4115-AB25-B4C755FC2687}
		{00A1B12B-3AC7-49BD-929F-E1550F29FDD4} = {3C661402-D2B5-4EC7-B49C-29F36277D820}
		{49A068EA-4915-4B0F-B0E0-CF700C4EAE0E} = {3C661402-D2B5-4EC7-B49C-29F36277D820}
		{E79A20E5-B98B-42A7-B582-6D4A75BD38F6} = {3C661402-D2B5-4EC7-B49C-29F36277D820}
		{20C8B666-929E-41E0-BF7B-4C7717B48CF5} = {B402411C-D67C-4365-90B8-242E5B9C6C96}
		{B66EB8AE-6D00-49F5-B05D-CF78CFF0C717} = {B402411C-D67C-4365-90B8-242E5B9C6C96}
		{A2859C28-5FCB-4201-BD86-04306D28467C} = {216D8FB2-D7D8-4975-81D0-56970DDD7AAB}
		{A92EA6A1-8118-4DB4-A518-6B5FF090A184} = {216D8FB2-D7D8-4975-81D0-56970DDD7AAB}
		{1EE361C2-67DA-43A7-8244-CDF17A938329} = {7AAE6B07-DE8E-408F-B0EE-73F6155A898E}
		{C958E860-E515-4F50-A17B-3F02E6AEB4A5} = {7AAE6B07-DE8E-408F-B0EE-73F6155A898E}
	EndGlobalSection
EndGlobal
